
Microsoft Visual Studio Solution File, Format Version 12.00
# Visual Studio Version 17
VisualStudioVersion = 17.11.35327.3
MinimumVisualStudioVersion = 10.0.40219.1
Project("{FAE04EC0-301F-11D3-BF4B-00C04F79EFBC}") = "LLQE.Common", "LLQE.Common\LLQE.Common.csproj", "{95DE48D0-1BFE-48B1-AEF0-CE7257F78BEE}"
EndProject
Project("{FAE04EC0-301F-11D3-BF4B-00C04F79EFBC}") = "LLQE.DeepseekNode", "LLQE.DeepseekNode\LLQE.DeepseekNode.csproj", "{D7BCD07E-8186-4CD5-A2F9-AA1C17FBF92F}"
EndProject
Project("{FAE04EC0-301F-11D3-BF4B-00C04F79EFBC}") = "LLQE.WebApp", "LLQE.WebApp\LLQE.WebApp.csproj", "{BDB35D51-0DCD-48D5-B02D-667F55C13398}"
EndProject
Global
	GlobalSection(SolutionConfigurationPlatforms) = preSolution
		Debug|Any CPU = Debug|Any CPU
		Release|Any CPU = Release|Any CPU
	EndGlobalSection
	GlobalSection(ProjectConfigurationPlatforms) = postSolution
		{95DE48D0-1BFE-48B1-AEF0-CE7257F78BEE}.Debug|Any CPU.ActiveCfg = Debug|Any CPU
		{95DE48D0-1BFE-48B1-AEF0-CE7257F78BEE}.Debug|Any CPU.Build.0 = Debug|Any CPU
		{95DE48D0-1BFE-48B1-AEF0-CE7257F78BEE}.Release|Any CPU.ActiveCfg = Release|Any CPU
		{95DE48D0-1BFE-48B1-AEF0-CE7257F78BEE}.Release|Any CPU.Build.0 = Release|Any CPU
		{D7BCD07E-8186-4CD5-A2F9-AA1C17FBF92F}.Debug|Any CPU.ActiveCfg = Debug|Any CPU
		{D7BCD07E-8186-4CD5-A2F9-AA1C17FBF92F}.Debug|Any CPU.Build.0 = Debug|Any CPU
		{D7BCD07E-8186-4CD5-A2F9-AA1C17FBF92F}.Release|Any CPU.ActiveCfg = Release|Any CPU
		{D7BCD07E-8186-4CD5-A2F9-AA1C17FBF92F}.Release|Any CPU.Build.0 = Release|Any CPU
		{BDB35D51-0DCD-48D5-B02D-667F55C13398}.Debug|Any CPU.ActiveCfg = Debug|Any CPU
		{BDB35D51-0DCD-48D5-B02D-667F55C13398}.Debug|Any CPU.Build.0 = Debug|Any CPU
		{BDB35D51-0DCD-48D5-B02D-667F55C13398}.Release|Any CPU.ActiveCfg = Release|Any CPU
		{BDB35D51-0DCD-48D5-B02D-667F55C13398}.Release|Any CPU.Build.0 = Release|Any CPU
	EndGlobalSection
	GlobalSection(SolutionProperties) = preSolution
		HideSolutionNode = FALSE
	EndGlobalSection
	GlobalSection(ExtensibilityGlobals) = postSolution
		SolutionGuid = {2C764B7B-6014-4AA7-B2C2-7E7F893CCA08}
	EndGlobalSection
EndGlobal
